{
  "version": 4,
  "terraform_version": "0.12.28",
  "serial": 841,
  "lineage": "882672d1-8f62-28cd-d59a-3b8782ac683a",
  "outputs": {},
  "resources": [
    {
      "mode": "managed",
      "type": "helm_release",
      "name": "backend",
      "provider": "provider.helm",
      "instances": []
    },
    {
      "mode": "managed",
      "type": "helm_release",
      "name": "backend-postgres",
      "provider": "provider.helm",
      "instances": [
        {
          "schema_version": 0,
          "attributes": {
            "atomic": false,
            "chart": "postgresql",
            "cleanup_on_fail": false,
            "create_namespace": false,
            "dependency_update": false,
            "description": null,
            "devel": null,
            "disable_crd_hooks": false,
            "disable_openapi_validation": false,
            "disable_webhooks": false,
            "force_update": false,
            "id": "backend-postgres-postgresql-0",
            "keyring": null,
            "lint": false,
            "max_history": 0,
            "metadata": [
              {
                "chart": "postgresql",
                "name": "backend-postgres-postgresql-0",
                "namespace": "backend",
                "revision": 1,
                "values": "{\"global\":{\"postgresql\":{\"postgresqlPassword\":\"9BfWZQVouqcD2kbQ\"}},\"master\":{\"persistence\":{\"size\":\"1Gi\"}},\"slave\":{\"persistence\":{\"size\":\"1Gi\"},\"replicas\":0}}",
                "version": "9.3.3"
              }
            ],
            "name": "backend-postgres-postgresql-0",
            "namespace": "backend",
            "postrender": [],
            "recreate_pods": false,
            "render_subchart_notes": true,
            "replace": false,
            "repository": "https://charts.bitnami.com/bitnami",
            "repository_ca_file": null,
            "repository_cert_file": null,
            "repository_key_file": null,
            "repository_password": null,
            "repository_username": null,
            "reset_values": false,
            "reuse_values": false,
            "set": [
              {
                "name": "global.postgresql.postgresqlPassword",
                "type": "",
                "value": "9BfWZQVouqcD2kbQ"
              }
            ],
            "set_sensitive": [],
            "set_string": [],
            "skip_crds": false,
            "status": "deployed",
            "timeout": 300,
            "values": [
              "master:\n  persistence:\n    size: 1Gi\nslave:\n  persistence:\n    size: 1Gi\n  replicas: 0\n"
            ],
            "verify": false,
            "version": "9.3.3",
            "wait": true
          },
          "private": "bnVsbA==",
          "dependencies": [
            "kubernetes_namespace.backend",
            "random_password.backend-postgres-password"
          ]
        }
      ]
    },
    {
      "mode": "managed",
      "type": "helm_release",
      "name": "frontend",
      "provider": "provider.helm",
      "instances": []
    },
    {
      "mode": "managed",
      "type": "helm_release",
      "name": "keycloak",
      "provider": "provider.helm",
      "instances": [
        {
          "schema_version": 0,
          "attributes": {
            "atomic": false,
            "chart": "keycloak",
            "cleanup_on_fail": false,
            "create_namespace": false,
            "dependency_update": false,
            "description": null,
            "devel": null,
            "disable_crd_hooks": false,
            "disable_openapi_validation": false,
            "disable_webhooks": false,
            "force_update": false,
            "id": "keycloak",
            "keyring": null,
            "lint": false,
            "max_history": 0,
            "metadata": [
              {
                "chart": "keycloak",
                "name": "keycloak",
                "namespace": "keycloak",
                "revision": 1,
                "values": "{\"keycloak\":{\"existingSecret\":\"keycloak-access\",\"existingSecretKey\":\"password\",\"ingress\":{\"enabled\":true,\"hosts\":[\"conference.keycloak\"],\"path\":\"/\",\"servicePort\":\"http\"},\"persistence\":{\"dbHost\":\"keycloak-postgres-postgresql\",\"dbName\":\"keycloak\",\"dbPort\":5432,\"dbVendor\":\"postgres\",\"deployPostgres\":false,\"existingSecret\":\"keycloak-postgres-access\",\"existingSecretPasswordKey\":\"password\",\"existingSecretUsernameKey\":\"username\"},\"username\":\"admin\"}}",
                "version": "8.3.0"
              }
            ],
            "name": "keycloak",
            "namespace": "keycloak",
            "postrender": [],
            "recreate_pods": false,
            "render_subchart_notes": true,
            "replace": false,
            "repository": "https://codecentric.github.io/helm-charts",
            "repository_ca_file": null,
            "repository_cert_file": null,
            "repository_key_file": null,
            "repository_password": null,
            "repository_username": null,
            "reset_values": false,
            "reuse_values": false,
            "set": [],
            "set_sensitive": [],
            "set_string": [],
            "skip_crds": false,
            "status": "deployed",
            "timeout": 300,
            "values": [
              "keycloak:\n  username: admin\n  # keycloak admin user password injected from secret\n  existingSecret: keycloak-access\n  existingSecretKey: password\n  persistence:\n    deployPostgres: false\n    dbVendor: postgres\n    dbHost: keycloak-postgres-postgresql\n    dbPort: 5432\n    dbName: keycloak\n    # database user injected from secret\n    existingSecret: keycloak-postgres-access\n    existingSecretUsernameKey: username\n    existingSecretPasswordKey: password\n  ingress:\n    enabled: true\n    path: /\n    servicePort: http\n    hosts:\n      - conference.keycloak\n"
            ],
            "verify": false,
            "version": "8.3.0",
            "wait": true
          },
          "private": "bnVsbA==",
          "dependencies": [
            "helm_release.keycloak-postgres",
            "kubernetes_namespace.keycloak",
            "random_password.keycloak-postgres-password"
          ]
        }
      ]
    },
    {
      "mode": "managed",
      "type": "helm_release",
      "name": "keycloak-postgres",
      "provider": "provider.helm",
      "instances": [
        {
          "schema_version": 0,
          "attributes": {
            "atomic": false,
            "chart": "postgresql",
            "cleanup_on_fail": false,
            "create_namespace": false,
            "dependency_update": false,
            "description": null,
            "devel": null,
            "disable_crd_hooks": false,
            "disable_openapi_validation": false,
            "disable_webhooks": false,
            "force_update": false,
            "id": "keycloak-postgres",
            "keyring": null,
            "lint": false,
            "max_history": 0,
            "metadata": [
              {
                "chart": "postgresql",
                "name": "keycloak-postgres",
                "namespace": "keycloak",
                "revision": 1,
                "values": "{\"global\":{\"postgresql\":{\"postgresqlDatabase\":\"keycloak\",\"postgresqlPassword\":\"XcfwFhzr8fo9Znvj\",\"postgresqlUsername\":\"keycloak\"}},\"master\":{\"persistence\":{\"size\":\"1Gi\"}},\"slave\":{\"persistence\":{\"size\":\"1Gi\"},\"replicas\":0}}",
                "version": "9.3.3"
              }
            ],
            "name": "keycloak-postgres",
            "namespace": "keycloak",
            "postrender": [],
            "recreate_pods": false,
            "render_subchart_notes": true,
            "replace": false,
            "repository": "https://charts.bitnami.com/bitnami",
            "repository_ca_file": null,
            "repository_cert_file": null,
            "repository_key_file": null,
            "repository_password": null,
            "repository_username": null,
            "reset_values": false,
            "reuse_values": false,
            "set": [
              {
                "name": "global.postgresql.postgresqlPassword",
                "type": "",
                "value": "XcfwFhzr8fo9Znvj"
              }
            ],
            "set_sensitive": [],
            "set_string": [],
            "skip_crds": false,
            "status": "deployed",
            "timeout": 300,
            "values": [
              "global:\n  postgresql:\n    postgresqlDatabase: \"keycloak\"\n    postgresqlUsername: \"keycloak\"\n  ## password injected via secret\nmaster:\n  persistence:\n    size: 1Gi\nslave:\n  persistence:\n    size: 1Gi\n  replicas: 0\n"
            ],
            "verify": false,
            "version": "9.3.3",
            "wait": true
          },
          "private": "bnVsbA==",
          "dependencies": [
            "kubernetes_namespace.keycloak",
            "random_password.keycloak-postgres-password"
          ]
        }
      ]
    },
    {
      "mode": "managed",
      "type": "helm_release",
      "name": "prometheus-operator",
      "provider": "provider.helm",
      "instances": [
        {
          "schema_version": 0,
          "attributes": {
            "atomic": false,
            "chart": "prometheus-operator",
            "cleanup_on_fail": false,
            "create_namespace": false,
            "dependency_update": false,
            "description": null,
            "devel": null,
            "disable_crd_hooks": false,
            "disable_openapi_validation": false,
            "disable_webhooks": false,
            "force_update": false,
            "id": "prometheus-operator",
            "keyring": null,
            "lint": false,
            "max_history": 0,
            "metadata": [
              {
                "chart": "prometheus-operator",
                "name": "prometheus-operator",
                "namespace": "monitoring",
                "revision": 1,
                "values": "{\"grafana\":{\"adminPassword\":\"t9PMK5ecJljqCj6B\",\"ingress\":{\"enabled\":true,\"hosts\":[\"conference.grafana\"],\"path\":\"/\"}},\"prometheus\":{\"ingress\":{\"enabled\":true,\"hosts\":[\"conference.prometheus\"],\"path\":\"/\"}},\"prometheusOperator\":{\"admissionWebhooks\":{\"enabled\":false,\"patch\":{\"enabled\":false}},\"tlsProxy\":{\"enabled\":false}}}",
                "version": "9.3.1"
              }
            ],
            "name": "prometheus-operator",
            "namespace": "monitoring",
            "postrender": [],
            "recreate_pods": false,
            "render_subchart_notes": true,
            "replace": false,
            "repository": "https://kubernetes-charts.storage.googleapis.com",
            "repository_ca_file": null,
            "repository_cert_file": null,
            "repository_key_file": null,
            "repository_password": null,
            "repository_username": null,
            "reset_values": false,
            "reuse_values": false,
            "set": [
              {
                "name": "grafana.adminPassword",
                "type": "",
                "value": "t9PMK5ecJljqCj6B"
              }
            ],
            "set_sensitive": [],
            "set_string": [],
            "skip_crds": false,
            "status": "deployed",
            "timeout": 300,
            "values": [
              "grafana:\n  ingress:\n    enabled: true\n    hosts:\n      - conference.grafana\n    path: /\nprometheus:\n  ingress:\n    enabled: true\n    hosts:\n      - conference.prometheus\n    path: /\nprometheusOperator:\n  admissionWebhooks:\n    enabled: false\n    patch:\n      enabled: false\n  tlsProxy:\n    enabled: false"
            ],
            "verify": false,
            "version": "9.3.1",
            "wait": true
          },
          "private": "bnVsbA==",
          "dependencies": [
            "kubernetes_namespace.monitoring",
            "random_password.prometheus-password"
          ]
        }
      ]
    },
    {
      "mode": "managed",
      "type": "kubernetes_config_map",
      "name": "backend-config",
      "provider": "provider.kubernetes",
      "instances": [
        {
          "schema_version": 0,
          "attributes": {
            "binary_data": null,
            "data": {
              "DB_DATABASE": "postgres",
              "DB_DRIVER": "postgresql",
              "DB_HOST": "backend-postgres-postgresql-0",
              "DB_NAME": "conference_db",
              "DB_PASSWORD": "9BfWZQVouqcD2kbQ",
              "DB_PORT": "5432",
              "DB_USER": "postgres"
            },
            "id": "backend/backend-config",
            "metadata": [
              {
                "annotations": null,
                "generate_name": "",
                "generation": 0,
                "labels": null,
                "name": "backend-config",
                "namespace": "backend",
                "resource_version": "828278",
                "self_link": "/api/v1/namespaces/backend/configmaps/backend-config",
                "uid": "98156082-9106-4f0e-8160-ca3b83c4e2a5"
              }
            ]
          },
          "private": "bnVsbA==",
          "dependencies": [
            "helm_release.backend-postgres",
            "kubernetes_namespace.backend",
            "random_password.backend-postgres-password"
          ]
        }
      ]
    },
    {
      "mode": "managed",
      "type": "kubernetes_namespace",
      "name": "backend",
      "provider": "provider.kubernetes",
      "instances": [
        {
          "schema_version": 0,
          "attributes": {
            "id": "backend",
            "metadata": [
              {
                "annotations": null,
                "generate_name": "",
                "generation": 0,
                "labels": null,
                "name": "backend",
                "resource_version": "827821",
                "self_link": "/api/v1/namespaces/backend",
                "uid": "af39d280-666d-4e9d-887d-7235ae8ac4f3"
              }
            ],
            "timeouts": null
          },
          "private": "eyJlMmJmYjczMC1lY2FhLTExZTYtOGY4OC0zNDM2M2JjN2M0YzAiOnsiZGVsZXRlIjozMDAwMDAwMDAwMDB9fQ=="
        }
      ]
    },
    {
      "mode": "managed",
      "type": "kubernetes_namespace",
      "name": "frontend",
      "provider": "provider.kubernetes",
      "instances": [
        {
          "schema_version": 0,
          "attributes": {
            "id": "frontend",
            "metadata": [
              {
                "annotations": null,
                "generate_name": "",
                "generation": 0,
                "labels": null,
                "name": "frontend",
                "resource_version": "827820",
                "self_link": "/api/v1/namespaces/frontend",
                "uid": "4ce835dc-54e0-47ac-aa71-333ec29981f8"
              }
            ],
            "timeouts": null
          },
          "private": "eyJlMmJmYjczMC1lY2FhLTExZTYtOGY4OC0zNDM2M2JjN2M0YzAiOnsiZGVsZXRlIjozMDAwMDAwMDAwMDB9fQ=="
        }
      ]
    },
    {
      "mode": "managed",
      "type": "kubernetes_namespace",
      "name": "keycloak",
      "provider": "provider.kubernetes",
      "instances": [
        {
          "schema_version": 0,
          "attributes": {
            "id": "keycloak",
            "metadata": [
              {
                "annotations": null,
                "generate_name": "",
                "generation": 0,
                "labels": null,
                "name": "keycloak",
                "resource_version": "827818",
                "self_link": "/api/v1/namespaces/keycloak",
                "uid": "91972883-4143-432f-9f2a-0f8412c1f595"
              }
            ],
            "timeouts": null
          },
          "private": "eyJlMmJmYjczMC1lY2FhLTExZTYtOGY4OC0zNDM2M2JjN2M0YzAiOnsiZGVsZXRlIjozMDAwMDAwMDAwMDB9fQ=="
        }
      ]
    },
    {
      "mode": "managed",
      "type": "kubernetes_namespace",
      "name": "monitoring",
      "provider": "provider.kubernetes",
      "instances": [
        {
          "schema_version": 0,
          "attributes": {
            "id": "monitoring",
            "metadata": [
              {
                "annotations": null,
                "generate_name": "",
                "generation": 0,
                "labels": null,
                "name": "monitoring",
                "resource_version": "827819",
                "self_link": "/api/v1/namespaces/monitoring",
                "uid": "ea6c8862-f3db-425b-93b0-af4f6362e951"
              }
            ],
            "timeouts": null
          },
          "private": "eyJlMmJmYjczMC1lY2FhLTExZTYtOGY4OC0zNDM2M2JjN2M0YzAiOnsiZGVsZXRlIjozMDAwMDAwMDAwMDB9fQ=="
        }
      ]
    },
    {
      "mode": "managed",
      "type": "kubernetes_secret",
      "name": "backend-postgres-access",
      "provider": "provider.kubernetes",
      "instances": [
        {
          "schema_version": 0,
          "attributes": {
            "data": {
              "DB_PASSWORD": "9BfWZQVouqcD2kbQ",
              "DB_USER": "postgres"
            },
            "id": "backend/backend-postgres-access",
            "metadata": [
              {
                "annotations": null,
                "generate_name": "",
                "generation": 0,
                "labels": null,
                "name": "backend-postgres-access",
                "namespace": "backend",
                "resource_version": "827838",
                "self_link": "/api/v1/namespaces/backend/secrets/backend-postgres-access",
                "uid": "f62947f2-ffd5-474a-bcbd-4956be6f40b6"
              }
            ],
            "type": "Opaque"
          },
          "private": "bnVsbA==",
          "dependencies": [
            "kubernetes_namespace.backend",
            "random_password.backend-postgres-password"
          ]
        }
      ]
    },
    {
      "mode": "managed",
      "type": "kubernetes_secret",
      "name": "keycloak-access",
      "provider": "provider.kubernetes",
      "instances": [
        {
          "schema_version": 0,
          "attributes": {
            "data": {
              "password": "WDuOuPYTN2aowWlz"
            },
            "id": "keycloak/keycloak-access",
            "metadata": [
              {
                "annotations": null,
                "generate_name": "",
                "generation": 0,
                "labels": null,
                "name": "keycloak-access",
                "namespace": "keycloak",
                "resource_version": "827835",
                "self_link": "/api/v1/namespaces/keycloak/secrets/keycloak-access",
                "uid": "afcefbd1-ed77-4b68-a644-e6d45526280a"
              }
            ],
            "type": "Opaque"
          },
          "private": "bnVsbA==",
          "dependencies": [
            "kubernetes_namespace.keycloak",
            "random_password.keycloak-user-password"
          ]
        }
      ]
    },
    {
      "mode": "managed",
      "type": "kubernetes_secret",
      "name": "keycloak-postgres-access",
      "provider": "provider.kubernetes",
      "instances": [
        {
          "schema_version": 0,
          "attributes": {
            "data": {
              "password": "XcfwFhzr8fo9Znvj",
              "username": "keycloak"
            },
            "id": "keycloak/keycloak-postgres-access",
            "metadata": [
              {
                "annotations": null,
                "generate_name": "",
                "generation": 0,
                "labels": null,
                "name": "keycloak-postgres-access",
                "namespace": "keycloak",
                "resource_version": "827837",
                "self_link": "/api/v1/namespaces/keycloak/secrets/keycloak-postgres-access",
                "uid": "4fbc0c4a-d685-4141-b087-3b5f01253746"
              }
            ],
            "type": "Opaque"
          },
          "private": "bnVsbA==",
          "dependencies": [
            "kubernetes_namespace.keycloak",
            "random_password.keycloak-postgres-password"
          ]
        }
      ]
    },
    {
      "mode": "managed",
      "type": "kubernetes_secret",
      "name": "prometheus-access",
      "provider": "provider.kubernetes",
      "instances": [
        {
          "schema_version": 0,
          "attributes": {
            "data": {
              "grafana.adminPassword": "t9PMK5ecJljqCj6B",
              "grafana.adminUser": "admin"
            },
            "id": "monitoring/prometheus-access",
            "metadata": [
              {
                "annotations": null,
                "generate_name": "",
                "generation": 0,
                "labels": null,
                "name": "prometheus-access",
                "namespace": "monitoring",
                "resource_version": "827836",
                "self_link": "/api/v1/namespaces/monitoring/secrets/prometheus-access",
                "uid": "8615f828-d41d-4c42-9816-f481a0efeb1a"
              }
            ],
            "type": "Opaque"
          },
          "private": "bnVsbA==",
          "dependencies": [
            "kubernetes_namespace.monitoring",
            "random_password.prometheus-password"
          ]
        }
      ]
    },
    {
      "mode": "managed",
      "type": "random_password",
      "name": "backend-postgres-password",
      "provider": "provider.random",
      "instances": [
        {
          "schema_version": 0,
          "attributes": {
            "id": "none",
            "keepers": null,
            "length": 16,
            "lower": true,
            "min_lower": 0,
            "min_numeric": 0,
            "min_special": 0,
            "min_upper": 0,
            "number": true,
            "override_special": null,
            "result": "9BfWZQVouqcD2kbQ",
            "special": false,
            "upper": true
          },
          "private": "bnVsbA=="
        }
      ]
    },
    {
      "mode": "managed",
      "type": "random_password",
      "name": "keycloak-postgres-password",
      "provider": "provider.random",
      "instances": [
        {
          "schema_version": 0,
          "attributes": {
            "id": "none",
            "keepers": null,
            "length": 16,
            "lower": true,
            "min_lower": 0,
            "min_numeric": 0,
            "min_special": 0,
            "min_upper": 0,
            "number": true,
            "override_special": null,
            "result": "XcfwFhzr8fo9Znvj",
            "special": false,
            "upper": true
          },
          "private": "bnVsbA=="
        }
      ]
    },
    {
      "mode": "managed",
      "type": "random_password",
      "name": "keycloak-user-password",
      "provider": "provider.random",
      "instances": [
        {
          "schema_version": 0,
          "attributes": {
            "id": "none",
            "keepers": null,
            "length": 16,
            "lower": true,
            "min_lower": 0,
            "min_numeric": 0,
            "min_special": 0,
            "min_upper": 0,
            "number": true,
            "override_special": null,
            "result": "WDuOuPYTN2aowWlz",
            "special": false,
            "upper": true
          },
          "private": "bnVsbA=="
        }
      ]
    },
    {
      "mode": "managed",
      "type": "random_password",
      "name": "prometheus-password",
      "provider": "provider.random",
      "instances": [
        {
          "schema_version": 0,
          "attributes": {
            "id": "none",
            "keepers": null,
            "length": 16,
            "lower": true,
            "min_lower": 0,
            "min_numeric": 0,
            "min_special": 0,
            "min_upper": 0,
            "number": true,
            "override_special": null,
            "result": "t9PMK5ecJljqCj6B",
            "special": false,
            "upper": true
          },
          "private": "bnVsbA=="
        }
      ]
    }
  ]
}
